
Microsoft Visual Studio Solution File, Format Version 12.00
# Visual Studio 15
VisualStudioVersion = 15.0.27428.2015
MinimumVisualStudioVersion = 10.0.40219.1
Project("{FAE04EC0-301F-11D3-BF4B-00C04F79EFBC}") = "Day04HelloToFile", "Day04HelloToFile\Day04HelloToFile.csproj", "{0A375F9D-A686-4C45-A917-070B01D6A631}"
EndProject
Global
	GlobalSection(SolutionConfigurationPlatforms) = preSolution
		Debug|Any CPU = Debug|Any CPU
		Release|Any CPU = Release|Any CPU
	EndGlobalSection
	GlobalSection(ProjectConfigurationPlatforms) = postSolution
		{0A375F9D-A686-4C45-A917-070B01D6A631}.Debug|Any CPU.ActiveCfg = Debug|Any CPU
		{0A375F9D-A686-4C45-A917-070B01D6A631}.Debug|Any CPU.Build.0 = Debug|Any CPU
		{0A375F9D-A686-4C45-A917-070B01D6A631}.Release|Any CPU.ActiveCfg = Release|Any CPU
		{0A375F9D-A686-4C45-A917-070B01D6A631}.Release|Any CPU.Build.0 = Release|Any CPU
	EndGlobalSection
	GlobalSection(SolutionProperties) = preSolution
		HideSolutionNode = FALSE
	EndGlobalSection
	GlobalSection(ExtensibilityGlobals) = postSolution
		SolutionGuid = {0B51E603-E1DA-4AB1-9476-B4706E00E3AD}
	EndGlobalSection
EndGlobal
