
Microsoft Visual Studio Solution File, Format Version 12.00
# Visual Studio 15
VisualStudioVersion = 15.0.27428.2015
MinimumVisualStudioVersion = 10.0.40219.1
Project("{FAE04EC0-301F-11D3-BF4B-00C04F79EFBC}") = "Day04TempConverter", "Day04TempConverter\Day04TempConverter.csproj", "{1A8F4269-D921-4E3C-AC35-BA01C850A88B}"
EndProject
Global
	GlobalSection(SolutionConfigurationPlatforms) = preSolution
		Debug|Any CPU = Debug|Any CPU
		Release|Any CPU = Release|Any CPU
	EndGlobalSection
	GlobalSection(ProjectConfigurationPlatforms) = postSolution
		{1A8F4269-D921-4E3C-AC35-BA01C850A88B}.Debug|Any CPU.ActiveCfg = Debug|Any CPU
		{1A8F4269-D921-4E3C-AC35-BA01C850A88B}.Debug|Any CPU.Build.0 = Debug|Any CPU
		{1A8F4269-D921-4E3C-AC35-BA01C850A88B}.Release|Any CPU.ActiveCfg = Release|Any CPU
		{1A8F4269-D921-4E3C-AC35-BA01C850A88B}.Release|Any CPU.Build.0 = Release|Any CPU
	EndGlobalSection
	GlobalSection(SolutionProperties) = preSolution
		HideSolutionNode = FALSE
	EndGlobalSection
	GlobalSection(ExtensibilityGlobals) = postSolution
		SolutionGuid = {0132502C-9485-4E51-AF05-54DC89A611C9}
	EndGlobalSection
EndGlobal
