
Microsoft Visual Studio Solution File, Format Version 12.00
# Visual Studio 15
VisualStudioVersion = 15.0.28010.2048
MinimumVisualStudioVersion = 10.0.40219.1
Project("{FAE04EC0-301F-11D3-BF4B-00C04F79EFBC}") = "EFPeople", "EFPeople\EFPeople.csproj", "{2E4EB6ED-64A8-446E-912C-DB0A2B258A38}"
EndProject
Global
	GlobalSection(SolutionConfigurationPlatforms) = preSolution
		Debug|Any CPU = Debug|Any CPU
		Release|Any CPU = Release|Any CPU
	EndGlobalSection
	GlobalSection(ProjectConfigurationPlatforms) = postSolution
		{2E4EB6ED-64A8-446E-912C-DB0A2B258A38}.Debug|Any CPU.ActiveCfg = Debug|Any CPU
		{2E4EB6ED-64A8-446E-912C-DB0A2B258A38}.Debug|Any CPU.Build.0 = Debug|Any CPU
		{2E4EB6ED-64A8-446E-912C-DB0A2B258A38}.Release|Any CPU.ActiveCfg = Release|Any CPU
		{2E4EB6ED-64A8-446E-912C-DB0A2B258A38}.Release|Any CPU.Build.0 = Release|Any CPU
	EndGlobalSection
	GlobalSection(SolutionProperties) = preSolution
		HideSolutionNode = FALSE
	EndGlobalSection
	GlobalSection(ExtensibilityGlobals) = postSolution
		SolutionGuid = {C71AB86F-A5FB-4B19-A113-875F893D01B8}
	EndGlobalSection
EndGlobal
