
Microsoft Visual Studio Solution File, Format Version 12.00
# Visual Studio 15
VisualStudioVersion = 15.0.27428.2015
MinimumVisualStudioVersion = 10.0.40219.1
Project("{9A19103F-16F7-4668-BE54-9A1E7A4F7556}") = "Dayx01Indexer", "Dayx01Indexer\Dayx01Indexer.csproj", "{E5516C38-1808-4B5F-9452-778C2C10FE00}"
EndProject
Project("{FAE04EC0-301F-11D3-BF4B-00C04F79EFBC}") = "IndexerUnitTest", "IndexerUnitTest\IndexerUnitTest.csproj", "{8257DE40-9662-4674-8113-E1E7964F27A0}"
EndProject
Global
	GlobalSection(SolutionConfigurationPlatforms) = preSolution
		Debug|Any CPU = Debug|Any CPU
		Release|Any CPU = Release|Any CPU
	EndGlobalSection
	GlobalSection(ProjectConfigurationPlatforms) = postSolution
		{E5516C38-1808-4B5F-9452-778C2C10FE00}.Debug|Any CPU.ActiveCfg = Debug|Any CPU
		{E5516C38-1808-4B5F-9452-778C2C10FE00}.Debug|Any CPU.Build.0 = Debug|Any CPU
		{E5516C38-1808-4B5F-9452-778C2C10FE00}.Release|Any CPU.ActiveCfg = Release|Any CPU
		{E5516C38-1808-4B5F-9452-778C2C10FE00}.Release|Any CPU.Build.0 = Release|Any CPU
		{8257DE40-9662-4674-8113-E1E7964F27A0}.Debug|Any CPU.ActiveCfg = Debug|Any CPU
		{8257DE40-9662-4674-8113-E1E7964F27A0}.Debug|Any CPU.Build.0 = Debug|Any CPU
		{8257DE40-9662-4674-8113-E1E7964F27A0}.Release|Any CPU.ActiveCfg = Release|Any CPU
		{8257DE40-9662-4674-8113-E1E7964F27A0}.Release|Any CPU.Build.0 = Release|Any CPU
	EndGlobalSection
	GlobalSection(SolutionProperties) = preSolution
		HideSolutionNode = FALSE
	EndGlobalSection
	GlobalSection(ExtensibilityGlobals) = postSolution
		SolutionGuid = {2A7E7D87-4354-43D9-A7F0-546E85F04CA7}
	EndGlobalSection
EndGlobal
