
Microsoft Visual Studio Solution File, Format Version 12.00
# Visual Studio 15
VisualStudioVersion = 15.0.28010.2046
MinimumVisualStudioVersion = 10.0.40219.1
Project("{FAE04EC0-301F-11D3-BF4B-00C04F79EFBC}") = "Day02JustNumbers", "Day02JustNumbers\Day02JustNumbers.csproj", "{FA89D794-FE5C-4BA8-A756-E9D139EB0496}"
EndProject
Global
	GlobalSection(SolutionConfigurationPlatforms) = preSolution
		Debug|Any CPU = Debug|Any CPU
		Release|Any CPU = Release|Any CPU
	EndGlobalSection
	GlobalSection(ProjectConfigurationPlatforms) = postSolution
		{FA89D794-FE5C-4BA8-A756-E9D139EB0496}.Debug|Any CPU.ActiveCfg = Debug|Any CPU
		{FA89D794-FE5C-4BA8-A756-E9D139EB0496}.Debug|Any CPU.Build.0 = Debug|Any CPU
		{FA89D794-FE5C-4BA8-A756-E9D139EB0496}.Release|Any CPU.ActiveCfg = Release|Any CPU
		{FA89D794-FE5C-4BA8-A756-E9D139EB0496}.Release|Any CPU.Build.0 = Release|Any CPU
	EndGlobalSection
	GlobalSection(SolutionProperties) = preSolution
		HideSolutionNode = FALSE
	EndGlobalSection
	GlobalSection(ExtensibilityGlobals) = postSolution
		SolutionGuid = {21CF50E8-4D1D-4187-8742-2C306D8595B1}
	EndGlobalSection
EndGlobal
