
Microsoft Visual Studio Solution File, Format Version 12.00
# Visual Studio 15
VisualStudioVersion = 15.0.27428.2015
MinimumVisualStudioVersion = 10.0.40219.1
Project("{FAE04EC0-301F-11D3-BF4B-00C04F79EFBC}") = "Day07FirstDB", "Day07FirstDB\Day07FirstDB.csproj", "{DC8D9160-0EFD-4FF5-8D5E-47A0D30B4D9C}"
EndProject
Global
	GlobalSection(SolutionConfigurationPlatforms) = preSolution
		Debug|Any CPU = Debug|Any CPU
		Release|Any CPU = Release|Any CPU
	EndGlobalSection
	GlobalSection(ProjectConfigurationPlatforms) = postSolution
		{DC8D9160-0EFD-4FF5-8D5E-47A0D30B4D9C}.Debug|Any CPU.ActiveCfg = Debug|Any CPU
		{DC8D9160-0EFD-4FF5-8D5E-47A0D30B4D9C}.Debug|Any CPU.Build.0 = Debug|Any CPU
		{DC8D9160-0EFD-4FF5-8D5E-47A0D30B4D9C}.Release|Any CPU.ActiveCfg = Release|Any CPU
		{DC8D9160-0EFD-4FF5-8D5E-47A0D30B4D9C}.Release|Any CPU.Build.0 = Release|Any CPU
	EndGlobalSection
	GlobalSection(SolutionProperties) = preSolution
		HideSolutionNode = FALSE
	EndGlobalSection
	GlobalSection(ExtensibilityGlobals) = postSolution
		SolutionGuid = {DF624A24-805F-4F29-B34C-3FE656FCC5D3}
	EndGlobalSection
EndGlobal
