
Microsoft Visual Studio Solution File, Format Version 12.00
# Visual Studio 15
VisualStudioVersion = 15.0.27004.2010
MinimumVisualStudioVersion = 10.0.40219.1
Project("{FAE04EC0-301F-11D3-BF4B-00C04F79EFBC}") = "Day05PeopleBinding", "Day05PeopleBinding\Day05PeopleBinding.csproj", "{41D3F042-6536-4199-8962-9F27AA32B613}"
EndProject
Global
	GlobalSection(SolutionConfigurationPlatforms) = preSolution
		Debug|Any CPU = Debug|Any CPU
		Release|Any CPU = Release|Any CPU
	EndGlobalSection
	GlobalSection(ProjectConfigurationPlatforms) = postSolution
		{41D3F042-6536-4199-8962-9F27AA32B613}.Debug|Any CPU.ActiveCfg = Debug|Any CPU
		{41D3F042-6536-4199-8962-9F27AA32B613}.Debug|Any CPU.Build.0 = Debug|Any CPU
		{41D3F042-6536-4199-8962-9F27AA32B613}.Release|Any CPU.ActiveCfg = Release|Any CPU
		{41D3F042-6536-4199-8962-9F27AA32B613}.Release|Any CPU.Build.0 = Release|Any CPU
	EndGlobalSection
	GlobalSection(SolutionProperties) = preSolution
		HideSolutionNode = FALSE
	EndGlobalSection
	GlobalSection(ExtensibilityGlobals) = postSolution
		SolutionGuid = {09A666C9-E1AF-4E52-B8FF-E2A9E041F9E1}
	EndGlobalSection
EndGlobal
